PODS:
  - IQKeyboardManagerSwift (7.0.0)

DEPENDENCIES:
  - IQKeyboardManagerSwift (= 7.0.0)

SPEC REPOS:
  trunk:
    - IQKeyboardManagerSwift

SPEC CHECKSUMS:
  IQKeyboardManagerSwift: bd69f3a49f6ead9cb6ce17723cf0c6c9b948d83e

PODFILE CHECKSUM: e3fdb812f1158f75570478a31053c4a4be0dfb56

COCOAPODS: 1.14.3
